// !$*UTF8*$!
{
	archiveVersion = 1;
	classes = {
	};
	objectVersion = 56;
	objects = {

/* Begin PBXBuildFile section */
		0635AE232AD133E000BFBB00 /* AppDelegate.m in Sources */ = {isa = PBXBuildFile; fileRef = 0635AE222AD133E000BFBB00 /* AppDelegate.m */; };
		0635AE292AD133E000BFBB00 /* ViewController.m in Sources */ = {isa = PBXBuildFile; fileRef = 0635AE282AD133E000BFBB00 /* ViewController.m */; };
		0635AE2C2AD133E000BFBB00 /* Main.storyboard in Resources */ = {isa = PBXBuildFile; fileRef = 0635AE2A2AD133E000BFBB00 /* Main.storyboard */; };
		0635AE2E2AD133E100BFBB00 /* Assets.xcassets in Resources */ = {isa = PBXBuildFile; fileRef = 0635AE2D2AD133E100BFBB00 /* Assets.xcassets */; };
		0635AE312AD133E100BFBB00 /* LaunchScreen.storyboard in Resources */ = {isa = PBXBuildFile; fileRef = 0635AE2F2AD133E100BFBB00 /* LaunchScreen.storyboard */; };
		0635AE342AD133E100BFBB00 /* main.m in Sources */ = {isa = PBXBuildFile; fileRef = 0635AE332AD133E100BFBB00 /* main.m */; };
		0635AE3E2AD133E100BFBB00 /* onetoxTests.m in Sources */ = {isa = PBXBuildFile; fileRef = 0635AE3D2AD133E100BFBB00 /* onetoxTests.m */; };
		0635AE482AD133E100BFBB00 /* onetoxUITests.m in Sources */ = {isa = PBXBuildFile; fileRef = 0635AE472AD133E100BFBB00 /* onetoxUITests.m */; };
		0635AE4A2AD133E100BFBB00 /* onetoxUITestsLaunchTests.m in Sources */ = {isa = PBXBuildFile; fileRef = 0635AE492AD133E100BFBB00 /* onetoxUITestsLaunchTests.m */; };
		0635AE772AD18D5200BFBB00 /* MainTabBarViewController.m in Sources */ = {isa = PBXBuildFile; fileRef = 0635AE762AD18D5200BFBB00 /* MainTabBarViewController.m */; };
		0635AE7A2AD18D5C00BFBB00 /* OTXRootViewController.m in Sources */ = {isa = PBXBuildFile; fileRef = 0635AE792AD18D5C00BFBB00 /* OTXRootViewController.m */; };
		0635AE7D2AD18D6300BFBB00 /* OTXHomeViewController.m in Sources */ = {isa = PBXBuildFile; fileRef = 0635AE7C2AD18D6300BFBB00 /* OTXHomeViewController.m */; };
		0635AE802AD23A4400BFBB00 /* tab_home_animate.json in Resources */ = {isa = PBXBuildFile; fileRef = 0635AE7F2AD23A4400BFBB00 /* tab_home_animate.json */; };
		0635AE822AD23A6D00BFBB00 /* green_lottie_tab_home.json in Resources */ = {isa = PBXBuildFile; fileRef = 0635AE812AD23A6D00BFBB00 /* green_lottie_tab_home.json */; };
		3C40408BE7F134692F4D6B0D /* libPods-onetox-onetoxUITests.a in Frameworks */ = {isa = PBXBuildFile; fileRef = D504448EDE86A28E08C6A816 /* libPods-onetox-onetoxUITests.a */; };
		C61999EEE5EE13EC44D95228 /* libPods-onetoxTests.a in Frameworks */ = {isa = PBXBuildFile; fileRef = EE31F2EF50750BFC017D16C1 /* libPods-onetoxTests.a */; };
		D34CA90888960C8D07E9D964 /* libPods-onetox.a in Frameworks */ = {isa = PBXBuildFile; fileRef = B43F054A23BBBB2695495049 /* libPods-onetox.a */; };
/* End PBXBuildFile section */

/* Begin PBXContainerItemProxy section */
		0635AE3A2AD133E100BFBB00 /* PBXContainerItemProxy */ = {
			isa = PBXContainerItemProxy;
			containerPortal = 0635AE162AD133E000BFBB00 /* Project object */;
			proxyType = 1;
			remoteGlobalIDString = 0635AE1D2AD133E000BFBB00;
			remoteInfo = onetox;
		};
		0635AE442AD133E100BFBB00 /* PBXContainerItemProxy */ = {
			isa = PBXContainerItemProxy;
			containerPortal = 0635AE162AD133E000BFBB00 /* Project object */;
			proxyType = 1;
			remoteGlobalIDString = 0635AE1D2AD133E000BFBB00;
			remoteInfo = onetox;
		};
/* End PBXContainerItemProxy section */

/* Begin PBXFileReference section */
		0635AE1E2AD133E000BFBB00 /* onetox.app */ = {isa = PBXFileReference; explicitFileType = wrapper.application; includeInIndex = 0; path = onetox.app; sourceTree = BUILT_PRODUCTS_DIR; };
		0635AE212AD133E000BFBB00 /* AppDelegate.h */ = {isa = PBXFileReference; lastKnownFileType = sourcecode.c.h; path = AppDelegate.h; sourceTree = "<group>"; };
		0635AE222AD133E000BFBB00 /* AppDelegate.m */ = {isa = PBXFileReference; lastKnownFileType = sourcecode.c.objc; path = AppDelegate.m; sourceTree = "<group>"; };
		0635AE272AD133E000BFBB00 /* ViewController.h */ = {isa = PBXFileReference; lastKnownFileType = sourcecode.c.h; path = ViewController.h; sourceTree = "<group>"; };
		0635AE282AD133E000BFBB00 /* ViewController.m */ = {isa = PBXFileReference; lastKnownFileType = sourcecode.c.objc; path = ViewController.m; sourceTree = "<group>"; };
		0635AE2B2AD133E000BFBB00 /* Base */ = {isa = PBXFileReference; lastKnownFileType = file.storyboard; name = Base; path = Base.lproj/Main.storyboard; sourceTree = "<group>"; };
		0635AE2D2AD133E100BFBB00 /* Assets.xcassets */ = {isa = PBXFileReference; lastKnownFileType = folder.assetcatalog; path = Assets.xcassets; sourceTree = "<group>"; };
		0635AE302AD133E100BFBB00 /* Base */ = {isa = PBXFileReference; lastKnownFileType = file.storyboard; name = Base; path = Base.lproj/LaunchScreen.storyboard; sourceTree = "<group>"; };
		0635AE322AD133E100BFBB00 /* Info.plist */ = {isa = PBXFileReference; lastKnownFileType = text.plist.xml; path = Info.plist; sourceTree = "<group>"; };
		0635AE332AD133E100BFBB00 /* main.m */ = {isa = PBXFileReference; lastKnownFileType = sourcecode.c.objc; path = main.m; sourceTree = "<group>"; };
		0635AE392AD133E100BFBB00 /* onetoxTests.xctest */ = {isa = PBXFileReference; explicitFileType = wrapper.cfbundle; includeInIndex = 0; path = onetoxTests.xctest; sourceTree = BUILT_PRODUCTS_DIR; };
		0635AE3D2AD133E100BFBB00 /* onetoxTests.m */ = {isa = PBXFileReference; lastKnownFileType = sourcecode.c.objc; path = onetoxTests.m; sourceTree = "<group>"; };
		0635AE432AD133E100BFBB00 /* onetoxUITests.xctest */ = {isa = PBXFileReference; explicitFileType = wrapper.cfbundle; includeInIndex = 0; path = onetoxUITests.xctest; sourceTree = BUILT_PRODUCTS_DIR; };
		0635AE472AD133E100BFBB00 /* onetoxUITests.m */ = {isa = PBXFileReference; lastKnownFileType = sourcecode.c.objc; path = onetoxUITests.m; sourceTree = "<group>"; };
		0635AE492AD133E100BFBB00 /* onetoxUITestsLaunchTests.m */ = {isa = PBXFileReference; lastKnownFileType = sourcecode.c.objc; path = onetoxUITestsLaunchTests.m; sourceTree = "<group>"; };
		0635AE752AD18D5200BFBB00 /* MainTabBarViewController.h */ = {isa = PBXFileReference; fileEncoding = 4; lastKnownFileType = sourcecode.c.h; path = MainTabBarViewController.h; sourceTree = "<group>"; };
		0635AE762AD18D5200BFBB00 /* MainTabBarViewController.m */ = {isa = PBXFileReference; fileEncoding = 4; lastKnownFileType = sourcecode.c.objc; path = MainTabBarViewController.m; sourceTree = "<group>"; };
		0635AE782AD18D5C00BFBB00 /* OTXRootViewController.h */ = {isa = PBXFileReference; fileEncoding = 4; lastKnownFileType = sourcecode.c.h; path = OTXRootViewController.h; sourceTree = "<group>"; };
		0635AE792AD18D5C00BFBB00 /* OTXRootViewController.m */ = {isa = PBXFileReference; fileEncoding = 4; lastKnownFileType = sourcecode.c.objc; path = OTXRootViewController.m; sourceTree = "<group>"; };
		0635AE7B2AD18D6300BFBB00 /* OTXHomeViewController.h */ = {isa = PBXFileReference; fileEncoding = 4; lastKnownFileType = sourcecode.c.h; path = OTXHomeViewController.h; sourceTree = "<group>"; };
		0635AE7C2AD18D6300BFBB00 /* OTXHomeViewController.m */ = {isa = PBXFileReference; fileEncoding = 4; lastKnownFileType = sourcecode.c.objc; path = OTXHomeViewController.m; sourceTree = "<group>"; };
		0635AE7F2AD23A4400BFBB00 /* tab_home_animate.json */ = {isa = PBXFileReference; fileEncoding = 4; lastKnownFileType = text.json; path = tab_home_animate.json; sourceTree = "<group>"; };
		0635AE812AD23A6D00BFBB00 /* green_lottie_tab_home.json */ = {isa = PBXFileReference; fileEncoding = 4; lastKnownFileType = text.json; path = green_lottie_tab_home.json; sourceTree = "<group>"; };
		3C8BF71D67DB0ABDDF9E7F36 /* Pods-onetox-onetoxUITests.release.xcconfig */ = {isa = PBXFileReference; includeInIndex = 1; lastKnownFileType = text.xcconfig; name = "Pods-onetox-onetoxUITests.release.xcconfig"; path = "Target Support Files/Pods-onetox-onetoxUITests/Pods-onetox-onetoxUITests.release.xcconfig"; sourceTree = "<group>"; };
		7F45DE333F59EF433C2C4A60 /* Pods-onetoxTests.debug.xcconfig */ = {isa = PBXFileReference; includeInIndex = 1; lastKnownFileType = text.xcconfig; name = "Pods-onetoxTests.debug.xcconfig"; path = "Target Support Files/Pods-onetoxTests/Pods-onetoxTests.debug.xcconfig"; sourceTree = "<group>"; };
		940C937A48BFA33A48CFB8B5 /* Pods-onetox.debug.xcconfig */ = {isa = PBXFileReference; includeInIndex = 1; lastKnownFileType = text.xcconfig; name = "Pods-onetox.debug.xcconfig"; path = "Target Support Files/Pods-onetox/Pods-onetox.debug.xcconfig"; sourceTree = "<group>"; };
		A828F2C725C492E203CCDE27 /* Pods-onetoxTests.release.xcconfig */ = {isa = PBXFileReference; includeInIndex = 1; lastKnownFileType = text.xcconfig; name = "Pods-onetoxTests.release.xcconfig"; path = "Target Support Files/Pods-onetoxTests/Pods-onetoxTests.release.xcconfig"; sourceTree = "<group>"; };
		B43F054A23BBBB2695495049 /* libPods-onetox.a */ = {isa = PBXFileReference; explicitFileType = archive.ar; includeInIndex = 0; path = "libPods-onetox.a"; sourceTree = BUILT_PRODUCTS_DIR; };
		C7E9D790F9C378AB6DB52B10 /* Pods-onetox-onetoxUITests.debug.xcconfig */ = {isa = PBXFileReference; includeInIndex = 1; lastKnownFileType = text.xcconfig; name = "Pods-onetox-onetoxUITests.debug.xcconfig"; path = "Target Support Files/Pods-onetox-onetoxUITests/Pods-onetox-onetoxUITests.debug.xcconfig"; sourceTree = "<group>"; };
		D504448EDE86A28E08C6A816 /* libPods-onetox-onetoxUITests.a */ = {isa = PBXFileReference; explicitFileType = archive.ar; includeInIndex = 0; path = "libPods-onetox-onetoxUITests.a"; sourceTree = BUILT_PRODUCTS_DIR; };
		EDEC614AFC9A8A4CEB71287E /* Pods-onetox.release.xcconfig */ = {isa = PBXFileReference; includeInIndex = 1; lastKnownFileType = text.xcconfig; name = "Pods-onetox.release.xcconfig"; path = "Target Support Files/Pods-onetox/Pods-onetox.release.xcconfig"; sourceTree = "<group>"; };
		EE31F2EF50750BFC017D16C1 /* libPods-onetoxTests.a */ = {isa = PBXFileReference; explicitFileType = archive.ar; includeInIndex = 0; path = "libPods-onetoxTests.a"; sourceTree = BUILT_PRODUCTS_DIR; };
/* End PBXFileReference section */

/* Begin PBXFrameworksBuildPhase section */
		0635AE1B2AD133E000BFBB00 /* Frameworks */ = {
			isa = PBXFrameworksBuildPhase;
			buildActionMask = 2147483647;
			files = (
				D34CA90888960C8D07E9D964 /* libPods-onetox.a in Frameworks */,
			);
			runOnlyForDeploymentPostprocessing = 0;
		};
		0635AE362AD133E100BFBB00 /* Frameworks */ = {
			isa = PBXFrameworksBuildPhase;
			buildActionMask = 2147483647;
			files = (
				C61999EEE5EE13EC44D95228 /* libPods-onetoxTests.a in Frameworks */,
			);
			runOnlyForDeploymentPostprocessing = 0;
		};
		0635AE402AD133E100BFBB00 /* Frameworks */ = {
			isa = PBXFrameworksBuildPhase;
			buildActionMask = 2147483647;
			files = (
				3C40408BE7F134692F4D6B0D /* libPods-onetox-onetoxUITests.a in Frameworks */,
			);
			runOnlyForDeploymentPostprocessing = 0;
		};
/* End PBXFrameworksBuildPhase section */

/* Begin PBXGroup section */
		0635AE152AD133E000BFBB00 = {
			isa = PBXGroup;
			children = (
				0635AE202AD133E000BFBB00 /* onetox */,
				0635AE3C2AD133E100BFBB00 /* onetoxTests */,
				0635AE462AD133E100BFBB00 /* onetoxUITests */,
				0635AE1F2AD133E000BFBB00 /* Products */,
				1605F8C8249FF3833E5A90B1 /* Pods */,
				B78B1F2148510AA806471534 /* Frameworks */,
			);
			sourceTree = "<group>";
		};
		0635AE1F2AD133E000BFBB00 /* Products */ = {
			isa = PBXGroup;
			children = (
				0635AE1E2AD133E000BFBB00 /* onetox.app */,
				0635AE392AD133E100BFBB00 /* onetoxTests.xctest */,
				0635AE432AD133E100BFBB00 /* onetoxUITests.xctest */,
			);
			name = Products;
			sourceTree = "<group>";
		};
		0635AE202AD133E000BFBB00 /* onetox */ = {
			isa = PBXGroup;
			children = (
				0635AE7E2AD18E5B00BFBB00 /* Resource */,
				0635AE722AD18D2B00BFBB00 /* Biz */,
				0635AE212AD133E000BFBB00 /* AppDelegate.h */,
				0635AE222AD133E000BFBB00 /* AppDelegate.m */,
				0635AE272AD133E000BFBB00 /* ViewController.h */,
				0635AE282AD133E000BFBB00 /* ViewController.m */,
				0635AE2A2AD133E000BFBB00 /* Main.storyboard */,
				0635AE2D2AD133E100BFBB00 /* Assets.xcassets */,
				0635AE2F2AD133E100BFBB00 /* LaunchScreen.storyboard */,
				0635AE322AD133E100BFBB00 /* Info.plist */,
				0635AE332AD133E100BFBB00 /* main.m */,
			);
			path = onetox;
			sourceTree = "<group>";
		};
		0635AE3C2AD133E100BFBB00 /* onetoxTests */ = {
			isa = PBXGroup;
			children = (
				0635AE3D2AD133E100BFBB00 /* onetoxTests.m */,
			);
			path = onetoxTests;
			sourceTree = "<group>";
		};
		0635AE462AD133E100BFBB00 /* onetoxUITests */ = {
			isa = PBXGroup;
			children = (
				0635AE472AD133E100BFBB00 /* onetoxUITests.m */,
				0635AE492AD133E100BFBB00 /* onetoxUITestsLaunchTests.m */,
			);
			path = onetoxUITests;
			sourceTree = "<group>";
		};
		0635AE722AD18D2B00BFBB00 /* Biz */ = {
			isa = PBXGroup;
			children = (
				0635AE742AD18D3C00BFBB00 /* TabBar */,
				0635AE732AD18D3400BFBB00 /* Home */,
			);
			path = Biz;
			sourceTree = "<group>";
		};
		0635AE732AD18D3400BFBB00 /* Home */ = {
			isa = PBXGroup;
			children = (
				0635AE7B2AD18D6300BFBB00 /* OTXHomeViewController.h */,
				0635AE7C2AD18D6300BFBB00 /* OTXHomeViewController.m */,
			);
			path = Home;
			sourceTree = "<group>";
		};
		0635AE742AD18D3C00BFBB00 /* TabBar */ = {
			isa = PBXGroup;
			children = (
				0635AE782AD18D5C00BFBB00 /* OTXRootViewController.h */,
				0635AE792AD18D5C00BFBB00 /* OTXRootViewController.m */,
				0635AE752AD18D5200BFBB00 /* MainTabBarViewController.h */,
				0635AE762AD18D5200BFBB00 /* MainTabBarViewController.m */,
			);
			path = TabBar;
			sourceTree = "<group>";
		};
		0635AE7E2AD18E5B00BFBB00 /* Resource */ = {
			isa = PBXGroup;
			children = (
				0635AE812AD23A6D00BFBB00 /* green_lottie_tab_home.json */,
				0635AE7F2AD23A4400BFBB00 /* tab_home_animate.json */,
			);
			path = Resource;
			sourceTree = "<group>";
		};
		1605F8C8249FF3833E5A90B1 /* Pods */ = {
			isa = PBXGroup;
			children = (
				940C937A48BFA33A48CFB8B5 /* Pods-onetox.debug.xcconfig */,
				EDEC614AFC9A8A4CEB71287E /* Pods-onetox.release.xcconfig */,
				C7E9D790F9C378AB6DB52B10 /* Pods-onetox-onetoxUITests.debug.xcconfig */,
				3C8BF71D67DB0ABDDF9E7F36 /* Pods-onetox-onetoxUITests.release.xcconfig */,
				7F45DE333F59EF433C2C4A60 /* Pods-onetoxTests.debug.xcconfig */,
				A828F2C725C492E203CCDE27 /* Pods-onetoxTests.release.xcconfig */,
			);
			path = Pods;
			sourceTree = "<group>";
		};
		B78B1F2148510AA806471534 /* Frameworks */ = {
			isa = PBXGroup;
			children = (
				B43F054A23BBBB2695495049 /* libPods-onetox.a */,
				D504448EDE86A28E08C6A816 /* libPods-onetox-onetoxUITests.a */,
				EE31F2EF50750BFC017D16C1 /* libPods-onetoxTests.a */,
			);
			name = Frameworks;
			sourceTree = "<group>";
		};
/* End PBXGroup section */

/* Begin PBXNativeTarget section */
		0635AE1D2AD133E000BFBB00 /* onetox */ = {
			isa = PBXNativeTarget;
			buildConfigurationList = 0635AE4D2AD133E100BFBB00 /* Build configuration list for PBXNativeTarget "onetox" */;
			buildPhases = (
				54858D970B9AD51B68CE8897 /* [CP] Check Pods Manifest.lock */,
				0635AE1A2AD133E000BFBB00 /* Sources */,
				0635AE1B2AD133E000BFBB00 /* Frameworks */,
				0635AE1C2AD133E000BFBB00 /* Resources */,
			);
			buildRules = (
			);
			dependencies = (
			);
			name = onetox;
			productName = onetox;
			productReference = 0635AE1E2AD133E000BFBB00 /* onetox.app */;
			productType = "com.apple.product-type.application";
		};
		0635AE382AD133E100BFBB00 /* onetoxTests */ = {
			isa = PBXNativeTarget;
			buildConfigurationList = 0635AE502AD133E100BFBB00 /* Build configuration list for PBXNativeTarget "onetoxTests" */;
			buildPhases = (
				5D33C6D4C5C205B36872DA2D /* [CP] Check Pods Manifest.lock */,
				0635AE352AD133E100BFBB00 /* Sources */,
				0635AE362AD133E100BFBB00 /* Frameworks */,
				0635AE372AD133E100BFBB00 /* Resources */,
			);
			buildRules = (
			);
			dependencies = (
				0635AE3B2AD133E100BFBB00 /* PBXTargetDependency */,
			);
			name = onetoxTests;
			productName = onetoxTests;
			productReference = 0635AE392AD133E100BFBB00 /* onetoxTests.xctest */;
			productType = "com.apple.product-type.bundle.unit-test";
		};
		0635AE422AD133E100BFBB00 /* onetoxUITests */ = {
			isa = PBXNativeTarget;
			buildConfigurationList = 0635AE532AD133E100BFBB00 /* Build configuration list for PBXNativeTarget "onetoxUITests" */;
			buildPhases = (
				C438F8C2C96111C1F9D67D73 /* [CP] Check Pods Manifest.lock */,
				0635AE3F2AD133E100BFBB00 /* Sources */,
				0635AE402AD133E100BFBB00 /* Frameworks */,
				0635AE412AD133E100BFBB00 /* Resources */,
			);
			buildRules = (
			);
			dependencies = (
				0635AE452AD133E100BFBB00 /* PBXTargetDependency */,
			);
			name = onetoxUITests;
			productName = onetoxUITests;
			productReference = 0635AE432AD133E100BFBB00 /* onetoxUITests.xctest */;
			productType = "com.apple.product-type.bundle.ui-testing";
		};
/* End PBXNativeTarget section */

/* Begin PBXProject section */
		0635AE162AD133E000BFBB00 /* Project object */ = {
			isa = PBXProject;
			attributes = {
				BuildIndependentTargetsInParallel = 1;
				LastUpgradeCheck = 1500;
				TargetAttributes = {
					0635AE1D2AD133E000BFBB00 = {
						CreatedOnToolsVersion = 15.0;
					};
					0635AE382AD133E100BFBB00 = {
						CreatedOnToolsVersion = 15.0;
						TestTargetID = 0635AE1D2AD133E000BFBB00;
					};
					0635AE422AD133E100BFBB00 = {
						CreatedOnToolsVersion = 15.0;
						TestTargetID = 0635AE1D2AD133E000BFBB00;
					};
				};
			};
			buildConfigurationList = 0635AE192AD133E000BFBB00 /* Build configuration list for PBXProject "onetox" */;
			compatibilityVersion = "Xcode 14.0";
			developmentRegion = en;
			hasScannedForEncodings = 0;
			knownRegions = (
				en,
				Base,
			);
			mainGroup = 0635AE152AD133E000BFBB00;
			productRefGroup = 0635AE1F2AD133E000BFBB00 /* Products */;
			projectDirPath = "";
			projectRoot = "";
			targets = (
				0635AE1D2AD133E000BFBB00 /* onetox */,
				0635AE382AD133E100BFBB00 /* onetoxTests */,
				0635AE422AD133E100BFBB00 /* onetoxUITests */,
			);
		};
/* End PBXProject section */

/* Begin PBXResourcesBuildPhase section */
		0635AE1C2AD133E000BFBB00 /* Resources */ = {
			isa = PBXResourcesBuildPhase;
			buildActionMask = 2147483647;
			files = (
				0635AE312AD133E100BFBB00 /* LaunchScreen.storyboard in Resources */,
				0635AE2E2AD133E100BFBB00 /* Assets.xcassets in Resources */,
				0635AE802AD23A4400BFBB00 /* tab_home_animate.json in Resources */,
				0635AE2C2AD133E000BFBB00 /* Main.storyboard in Resources */,
				0635AE822AD23A6D00BFBB00 /* green_lottie_tab_home.json in Resources */,
			);
			runOnlyForDeploymentPostprocessing = 0;
		};
		0635AE372AD133E100BFBB00 /* Resources */ = {
			isa = PBXResourcesBuildPhase;
			buildActionMask = 2147483647;
			files = (
			);
			runOnlyForDeploymentPostprocessing = 0;
		};
		0635AE412AD133E100BFBB00 /* Resources */ = {
			isa = PBXResourcesBuildPhase;
			buildActionMask = 2147483647;
			files = (
			);
			runOnlyForDeploymentPostprocessing = 0;
		};
/* End PBXResourcesBuildPhase section */

/* Begin PBXShellScriptBuildPhase section */
		54858D970B9AD51B68CE8897 /* [CP] Check Pods Manifest.lock */ = {
			isa = PBXShellScriptBuildPhase;
			buildActionMask = 2147483647;
			files = (
			);
			inputFileListPaths = (
			);
			inputPaths = (
				"${PODS_PODFILE_DIR_PATH}/Podfile.lock",
				"${PODS_ROOT}/Manifest.lock",
			);
			name = "[CP] Check Pods Manifest.lock";
			outputFileListPaths = (
			);
			outputPaths = (
				"$(DERIVED_FILE_DIR)/Pods-onetox-checkManifestLockResult.txt",
			);
			runOnlyForDeploymentPostprocessing = 0;
			shellPath = /bin/sh;
			shellScript = "diff \"${PODS_PODFILE_DIR_PATH}/Podfile.lock\" \"${PODS_ROOT}/Manifest.lock\" > /dev/null\nif [ $? != 0 ] ; then\n    # print error to STDERR\n    echo \"error: The sandbox is not in sync with the Podfile.lock. Run 'pod install' or update your CocoaPods installation.\" >&2\n    exit 1\nfi\n# This output is used by Xcode 'outputs' to avoid re-running this script phase.\necho \"SUCCESS\" > \"${SCRIPT_OUTPUT_FILE_0}\"\n";
			showEnvVarsInLog = 0;
		};
		5D33C6D4C5C205B36872DA2D /* [CP] Check Pods Manifest.lock */ = {
			isa = PBXShellScriptBuildPhase;
			buildActionMask = 2147483647;
			files = (
			);
			inputFileListPaths = (
			);
			inputPaths = (
				"${PODS_PODFILE_DIR_PATH}/Podfile.lock",
				"${PODS_ROOT}/Manifest.lock",
			);
			name = "[CP] Check Pods Manifest.lock";
			outputFileListPaths = (
			);
			outputPaths = (
				"$(DERIVED_FILE_DIR)/Pods-onetoxTests-checkManifestLockResult.txt",
			);
			runOnlyForDeploymentPostprocessing = 0;
			shellPath = /bin/sh;
			shellScript = "diff \"${PODS_PODFILE_DIR_PATH}/Podfile.lock\" \"${PODS_ROOT}/Manifest.lock\" > /dev/null\nif [ $? != 0 ] ; then\n    # print error to STDERR\n    echo \"error: The sandbox is not in sync with the Podfile.lock. Run 'pod install' or update your CocoaPods installation.\" >&2\n    exit 1\nfi\n# This output is used by Xcode 'outputs' to avoid re-running this script phase.\necho \"SUCCESS\" > \"${SCRIPT_OUTPUT_FILE_0}\"\n";
			showEnvVarsInLog = 0;
		};
		C438F8C2C96111C1F9D67D73 /* [CP] Check Pods Manifest.lock */ = {
			isa = PBXShellScriptBuildPhase;
			buildActionMask = 2147483647;
			files = (
			);
			inputFileListPaths = (
			);
			inputPaths = (
				"${PODS_PODFILE_DIR_PATH}/Podfile.lock",
				"${PODS_ROOT}/Manifest.lock",
			);
			name = "[CP] Check Pods Manifest.lock";
			outputFileListPaths = (
			);
			outputPaths = (
				"$(DERIVED_FILE_DIR)/Pods-onetox-onetoxUITests-checkManifestLockResult.txt",
			);
			runOnlyForDeploymentPostprocessing = 0;
			shellPath = /bin/sh;
			shellScript = "diff \"${PODS_PODFILE_DIR_PATH}/Podfile.lock\" \"${PODS_ROOT}/Manifest.lock\" > /dev/null\nif [ $? != 0 ] ; then\n    # print error to STDERR\n    echo \"error: The sandbox is not in sync with the Podfile.lock. Run 'pod install' or update your CocoaPods installation.\" >&2\n    exit 1\nfi\n# This output is used by Xcode 'outputs' to avoid re-running this script phase.\necho \"SUCCESS\" > \"${SCRIPT_OUTPUT_FILE_0}\"\n";
			showEnvVarsInLog = 0;
		};
/* End PBXShellScriptBuildPhase section */

/* Begin PBXSourcesBuildPhase section */
		0635AE1A2AD133E000BFBB00 /* Sources */ = {
			isa = PBXSourcesBuildPhase;
			buildActionMask = 2147483647;
			files = (
				0635AE292AD133E000BFBB00 /* ViewController.m in Sources */,
				0635AE7D2AD18D6300BFBB00 /* OTXHomeViewController.m in Sources */,
				0635AE772AD18D5200BFBB00 /* MainTabBarViewController.m in Sources */,
				0635AE7A2AD18D5C00BFBB00 /* OTXRootViewController.m in Sources */,
				0635AE232AD133E000BFBB00 /* AppDelegate.m in Sources */,
				0635AE342AD133E100BFBB00 /* main.m in Sources */,
			);
			runOnlyForDeploymentPostprocessing = 0;
		};
		0635AE352AD133E100BFBB00 /* Sources */ = {
			isa = PBXSourcesBuildPhase;
			buildActionMask = 2147483647;
			files = (
				0635AE3E2AD133E100BFBB00 /* onetoxTests.m in Sources */,
			);
			runOnlyForDeploymentPostprocessing = 0;
		};
		0635AE3F2AD133E100BFBB00 /* Sources */ = {
			isa = PBXSourcesBuildPhase;
			buildActionMask = 2147483647;
			files = (
				0635AE482AD133E100BFBB00 /* onetoxUITests.m in Sources */,
				0635AE4A2AD133E100BFBB00 /* onetoxUITestsLaunchTests.m in Sources */,
			);
			runOnlyForDeploymentPostprocessing = 0;
		};
/* End PBXSourcesBuildPhase section */

/* Begin PBXTargetDependency section */
		0635AE3B2AD133E100BFBB00 /* PBXTargetDependency */ = {
			isa = PBXTargetDependency;
			target = 0635AE1D2AD133E000BFBB00 /* onetox */;
			targetProxy = 0635AE3A2AD133E100BFBB00 /* PBXContainerItemProxy */;
		};
		0635AE452AD133E100BFBB00 /* PBXTargetDependency */ = {
			isa = PBXTargetDependency;
			target = 0635AE1D2AD133E000BFBB00 /* onetox */;
			targetProxy = 0635AE442AD133E100BFBB00 /* PBXContainerItemProxy */;
		};
/* End PBXTargetDependency section */

/* Begin PBXVariantGroup section */
		0635AE2A2AD133E000BFBB00 /* Main.storyboard */ = {
			isa = PBXVariantGroup;
			children = (
				0635AE2B2AD133E000BFBB00 /* Base */,
			);
			name = Main.storyboard;
			sourceTree = "<group>";
		};
		0635AE2F2AD133E100BFBB00 /* LaunchScreen.storyboard */ = {
			isa = PBXVariantGroup;
			children = (
				0635AE302AD133E100BFBB00 /* Base */,
			);
			name = LaunchScreen.storyboard;
			sourceTree = "<group>";
		};
/* End PBXVariantGroup section */

/* Begin XCBuildConfiguration section */
		0635AE4B2AD133E100BFBB00 /* Debug */ = {
			isa = XCBuildConfiguration;
			buildSettings = {
				ALWAYS_SEARCH_USER_PATHS = NO;
				ASSETCATALOG_COMPILER_GENERATE_SWIFT_ASSET_SYMBOL_EXTENSIONS = YES;
				CLANG_ANALYZER_NONNULL = YES;
				CLANG_ANALYZER_NUMBER_OBJECT_CONVERSION = YES_AGGRESSIVE;
				CLANG_CXX_LANGUAGE_STANDARD = "gnu++20";
				CLANG_ENABLE_MODULES = YES;
				CLANG_ENABLE_OBJC_ARC = YES;
				CLANG_ENABLE_OBJC_WEAK = YES;
				CLANG_WARN_BLOCK_CAPTURE_AUTORELEASING = YES;
				CLANG_WARN_BOOL_CONVERSION = YES;
				CLANG_WARN_COMMA = YES;
				CLANG_WARN_CONSTANT_CONVERSION = YES;
				CLANG_WARN_DEPRECATED_OBJC_IMPLEMENTATIONS = YES;
				CLANG_WARN_DIRECT_OBJC_ISA_USAGE = YES_ERROR;
				CLANG_WARN_DOCUMENTATION_COMMENTS = YES;
				CLANG_WARN_EMPTY_BODY = YES;
				CLANG_WARN_ENUM_CONVERSION = YES;
				CLANG_WARN_INFINITE_RECURSION = YES;
				CLANG_WARN_INT_CONVERSION = YES;
				CLANG_WARN_NON_LITERAL_NULL_CONVERSION = YES;
				CLANG_WARN_OBJC_IMPLICIT_RETAIN_SELF = YES;
				CLANG_WARN_OBJC_LITERAL_CONVERSION = YES;
				CLANG_WARN_OBJC_ROOT_CLASS = YES_ERROR;
				CLANG_WARN_QUOTED_INCLUDE_IN_FRAMEWORK_HEADER = YES;
				CLANG_WARN_RANGE_LOOP_ANALYSIS = YES;
				CLANG_WARN_STRICT_PROTOTYPES = YES;
				CLANG_WARN_SUSPICIOUS_MOVE = YES;
				CLANG_WARN_UNGUARDED_AVAILABILITY = YES_AGGRESSIVE;
				CLANG_WARN_UNREACHABLE_CODE = YES;
				CLANG_WARN__DUPLICATE_METHOD_MATCH = YES;
				COPY_PHASE_STRIP = NO;
				DEBUG_INFORMATION_FORMAT = dwarf;
				ENABLE_STRICT_OBJC_MSGSEND = YES;
				ENABLE_TESTABILITY = YES;
				ENABLE_USER_SCRIPT_SANDBOXING = YES;
				GCC_C_LANGUAGE_STANDARD = gnu17;
				GCC_DYNAMIC_NO_PIC = NO;
				GCC_NO_COMMON_BLOCKS = YES;
				GCC_OPTIMIZATION_LEVEL = 0;
				GCC_PREPROCESSOR_DEFINITIONS = (
					"DEBUG=1",
					"$(inherited)",
				);
				GCC_WARN_64_TO_32_BIT_CONVERSION = YES;
				GCC_WARN_ABOUT_RETURN_TYPE = YES_ERROR;
				GCC_WARN_UNDECLARED_SELECTOR = YES;
				GCC_WARN_UNINITIALIZED_AUTOS = YES_AGGRESSIVE;
				GCC_WARN_UNUSED_FUNCTION = YES;
				GCC_WARN_UNUSED_VARIABLE = YES;
				IPHONEOS_DEPLOYMENT_TARGET = 17.0;
				LOCALIZATION_PREFERS_STRING_CATALOGS = YES;
				MTL_ENABLE_DEBUG_INFO = INCLUDE_SOURCE;
				MTL_FAST_MATH = YES;
				ONLY_ACTIVE_ARCH = YES;
				SDKROOT = iphoneos;
			};
			name = Debug;
		};
		0635AE4C2AD133E100BFBB00 /* Release */ = {
			isa = XCBuildConfiguration;
			buildSettings = {
				ALWAYS_SEARCH_USER_PATHS = NO;
				ASSETCATALOG_COMPILER_GENERATE_SWIFT_ASSET_SYMBOL_EXTENSIONS = YES;
				CLANG_ANALYZER_NONNULL = YES;
				CLANG_ANALYZER_NUMBER_OBJECT_CONVERSION = YES_AGGRESSIVE;
				CLANG_CXX_LANGUAGE_STANDARD = "gnu++20";
				CLANG_ENABLE_MODULES = YES;
				CLANG_ENABLE_OBJC_ARC = YES;
				CLANG_ENABLE_OBJC_WEAK = YES;
				CLANG_WARN_BLOCK_CAPTURE_AUTORELEASING = YES;
				CLANG_WARN_BOOL_CONVERSION = YES;
				CLANG_WARN_COMMA = YES;
				CLANG_WARN_CONSTANT_CONVERSION = YES;
				CLANG_WARN_DEPRECATED_OBJC_IMPLEMENTATIONS = YES;
				CLANG_WARN_DIRECT_OBJC_ISA_USAGE = YES_ERROR;
				CLANG_WARN_DOCUMENTATION_COMMENTS = YES;
				CLANG_WARN_EMPTY_BODY = YES;
				CLANG_WARN_ENUM_CONVERSION = YES;
				CLANG_WARN_INFINITE_RECURSION = YES;
				CLANG_WARN_INT_CONVERSION = YES;
				CLANG_WARN_NON_LITERAL_NULL_CONVERSION = YES;
				CLANG_WARN_OBJC_IMPLICIT_RETAIN_SELF = YES;
				CLANG_WARN_OBJC_LITERAL_CONVERSION = YES;
				CLANG_WARN_OBJC_ROOT_CLASS = YES_ERROR;
				CLANG_WARN_QUOTED_INCLUDE_IN_FRAMEWORK_HEADER = YES;
				CLANG_WARN_RANGE_LOOP_ANALYSIS = YES;
				CLANG_WARN_STRICT_PROTOTYPES = YES;
				CLANG_WARN_SUSPICIOUS_MOVE = YES;
				CLANG_WARN_UNGUARDED_AVAILABILITY = YES_AGGRESSIVE;
				CLANG_WARN_UNREACHABLE_CODE = YES;
				CLANG_WARN__DUPLICATE_METHOD_MATCH = YES;
				COPY_PHASE_STRIP = NO;
				DEBUG_INFORMATION_FORMAT = "dwarf-with-dsym";
				ENABLE_NS_ASSERTIONS = NO;
				ENABLE_STRICT_OBJC_MSGSEND = YES;
				ENABLE_USER_SCRIPT_SANDBOXING = YES;
				GCC_C_LANGUAGE_STANDARD = gnu17;
				GCC_NO_COMMON_BLOCKS = YES;
				GCC_WARN_64_TO_32_BIT_CONVERSION = YES;
				GCC_WARN_ABOUT_RETURN_TYPE = YES_ERROR;
				GCC_WARN_UNDECLARED_SELECTOR = YES;
				GCC_WARN_UNINITIALIZED_AUTOS = YES_AGGRESSIVE;
				GCC_WARN_UNUSED_FUNCTION = YES;
				GCC_WARN_UNUSED_VARIABLE = YES;
				IPHONEOS_DEPLOYMENT_TARGET = 17.0;
				LOCALIZATION_PREFERS_STRING_CATALOGS = YES;
				MTL_ENABLE_DEBUG_INFO = NO;
				MTL_FAST_MATH = YES;
				SDKROOT = iphoneos;
				VALIDATE_PRODUCT = YES;
			};
			name = Release;
		};
		0635AE4E2AD133E100BFBB00 /* Debug */ = {
			isa = XCBuildConfiguration;
			baseConfigurationReference = 940C937A48BFA33A48CFB8B5 /* Pods-onetox.debug.xcconfig */;
			buildSettings = {
				ASSETCATALOG_COMPILER_APPICON_NAME = AppIcon;
				ASSETCATALOG_COMPILER_GLOBAL_ACCENT_COLOR_NAME = AccentColor;
				CODE_SIGN_STYLE = Automatic;
				CURRENT_PROJECT_VERSION = 1;
				DEVELOPMENT_TEAM = Q4RW99WHTS;
				GENERATE_INFOPLIST_FILE = YES;
				INFOPLIST_FILE = onetox/Info.plist;
				INFOPLIST_KEY_UIApplicationSupportsIndirectInputEvents = YES;
				INFOPLIST_KEY_UILaunchStoryboardName = LaunchScreen;
				INFOPLIST_KEY_UIMainStoryboardFile = Main;
				INFOPLIST_KEY_UISupportedInterfaceOrientations_iPad = "UIInterfaceOrientationPortrait UIInterfaceOrientationPortraitUpsideDown UIInterfaceOrientationLandscapeLeft UIInterfaceOrientationLandscapeRight";
				INFOPLIST_KEY_UISupportedInterfaceOrientations_iPhone = "UIInterfaceOrientationPortrait UIInterfaceOrientationLandscapeLeft UIInterfaceOrientationLandscapeRight";
				IPHONEOS_DEPLOYMENT_TARGET = 16.0;
				LD_RUNPATH_SEARCH_PATHS = (
					"$(inherited)",
					"@executable_path/Frameworks",
				);
				MARKETING_VERSION = 1.0;
				PRODUCT_BUNDLE_IDENTIFIER = com.eason.onetox;
				PRODUCT_NAME = "$(TARGET_NAME)";
				SWIFT_EMIT_LOC_STRINGS = YES;
				TARGETED_DEVICE_FAMILY = "1,2";
			};
			name = Debug;
		};
		0635AE4F2AD133E100BFBB00 /* Release */ = {
			isa = XCBuildConfiguration;
			baseConfigurationReference = EDEC614AFC9A8A4CEB71287E /* Pods-onetox.release.xcconfig */;
			buildSettings = {
				ASSETCATALOG_COMPILER_APPICON_NAME = AppIcon;
				ASSETCATALOG_COMPILER_GLOBAL_ACCENT_COLOR_NAME = AccentColor;
				CODE_SIGN_STYLE = Automatic;
				CURRENT_PROJECT_VERSION = 1;
				DEVELOPMENT_TEAM = Q4RW99WHTS;
				GENERATE_INFOPLIST_FILE = YES;
				INFOPLIST_FILE = onetox/Info.plist;
				INFOPLIST_KEY_UIApplicationSupportsIndirectInputEvents = YES;
				INFOPLIST_KEY_UILaunchStoryboardName = LaunchScreen;
				INFOPLIST_KEY_UIMainStoryboardFile = Main;
				INFOPLIST_KEY_UISupportedInterfaceOrientations_iPad = "UIInterfaceOrientationPortrait UIInterfaceOrientationPortraitUpsideDown UIInterfaceOrientationLandscapeLeft UIInterfaceOrientationLandscapeRight";
				INFOPLIST_KEY_UISupportedInterfaceOrientations_iPhone = "UIInterfaceOrientationPortrait UIInterfaceOrientationLandscapeLeft UIInterfaceOrientationLandscapeRight";
				IPHONEOS_DEPLOYMENT_TARGET = 16.0;
				LD_RUNPATH_SEARCH_PATHS = (
					"$(inherited)",
					"@executable_path/Frameworks",
				);
				MARKETING_VERSION = 1.0;
				PRODUCT_BUNDLE_IDENTIFIER = com.eason.onetox;
				PRODUCT_NAME = "$(TARGET_NAME)";
				SWIFT_EMIT_LOC_STRINGS = YES;
				TARGETED_DEVICE_FAMILY = "1,2";
			};
			name = Release;
		};
		0635AE512AD133E100BFBB00 /* Debug */ = {
			isa = XCBuildConfiguration;
			baseConfigurationReference = 7F45DE333F59EF433C2C4A60 /* Pods-onetoxTests.debug.xcconfig */;
			buildSettings = {
				BUNDLE_LOADER = "$(TEST_HOST)";
				CODE_SIGN_STYLE = Automatic;
				CURRENT_PROJECT_VERSION = 1;
				DEVELOPMENT_TEAM = Q4RW99WHTS;
				GENERATE_INFOPLIST_FILE = YES;
				IPHONEOS_DEPLOYMENT_TARGET = 17.0;
				MARKETING_VERSION = 1.0;
				PRODUCT_BUNDLE_IDENTIFIER = com.eason.onetoxTests;
				PRODUCT_NAME = "$(TARGET_NAME)";
				SWIFT_EMIT_LOC_STRINGS = NO;
				TARGETED_DEVICE_FAMILY = "1,2";
				TEST_HOST = "$(BUILT_PRODUCTS_DIR)/onetox.app/$(BUNDLE_EXECUTABLE_FOLDER_PATH)/onetox";
			};
			name = Debug;
		};
		0635AE522AD133E100BFBB00 /* Release */ = {
			isa = XCBuildConfiguration;
			baseConfigurationReference = A828F2C725C492E203CCDE27 /* Pods-onetoxTests.release.xcconfig */;
			buildSettings = {
				BUNDLE_LOADER = "$(TEST_HOST)";
				CODE_SIGN_STYLE = Automatic;
				CURRENT_PROJECT_VERSION = 1;
				DEVELOPMENT_TEAM = Q4RW99WHTS;
				GENERATE_INFOPLIST_FILE = YES;
				IPHONEOS_DEPLOYMENT_TARGET = 17.0;
				MARKETING_VERSION = 1.0;
				PRODUCT_BUNDLE_IDENTIFIER = com.eason.onetoxTests;
				PRODUCT_NAME = "$(TARGET_NAME)";
				SWIFT_EMIT_LOC_STRINGS = NO;
				TARGETED_DEVICE_FAMILY = "1,2";
				TEST_HOST = "$(BUILT_PRODUCTS_DIR)/onetox.app/$(BUNDLE_EXECUTABLE_FOLDER_PATH)/onetox";
			};
			name = Release;
		};
		0635AE542AD133E100BFBB00 /* Debug */ = {
			isa = XCBuildConfiguration;
			baseConfigurationReference = C7E9D790F9C378AB6DB52B10 /* Pods-onetox-onetoxUITests.debug.xcconfig */;
			buildSettings = {
				CODE_SIGN_STYLE = Automatic;
				CURRENT_PROJECT_VERSION = 1;
				DEVELOPMENT_TEAM = Q4RW99WHTS;
				GENERATE_INFOPLIST_FILE = YES;
				MARKETING_VERSION = 1.0;
				PRODUCT_BUNDLE_IDENTIFIER = com.eason.onetoxUITests;
				PRODUCT_NAME = "$(TARGET_NAME)";
				SWIFT_EMIT_LOC_STRINGS = NO;
				TARGETED_DEVICE_FAMILY = "1,2";
				TEST_TARGET_NAME = onetox;
			};
			name = Debug;
		};
		0635AE552AD133E100BFBB00 /* Release */ = {
			isa = XCBuildConfiguration;
			baseConfigurationReference = 3C8BF71D67DB0ABDDF9E7F36 /* Pods-onetox-onetoxUITests.release.xcconfig */;
			buildSettings = {
				CODE_SIGN_STYLE = Automatic;
				CURRENT_PROJECT_VERSION = 1;
				DEVELOPMENT_TEAM = Q4RW99WHTS;
				GENERATE_INFOPLIST_FILE = YES;
				MARKETING_VERSION = 1.0;
				PRODUCT_BUNDLE_IDENTIFIER = com.eason.onetoxUITests;
				PRODUCT_NAME = "$(TARGET_NAME)";
				SWIFT_EMIT_LOC_STRINGS = NO;
				TARGETED_DEVICE_FAMILY = "1,2";
				TEST_TARGET_NAME = onetox;
			};
			name = Release;
		};
/* End XCBuildConfiguration section */

/* Begin XCConfigurationList section */
		0635AE192AD133E000BFBB00 /* Build configuration list for PBXProject "onetox" */ = {
			isa = XCConfigurationList;
			buildConfigurations = (
				0635AE4B2AD133E100BFBB00 /* Debug */,
				0635AE4C2AD133E100BFBB00 /* Release */,
			);
			defaultConfigurationIsVisible = 0;
			defaultConfigurationName = Release;
		};
		0635AE4D2AD133E100BFBB00 /* Build configuration list for PBXNativeTarget "onetox" */ = {
			isa = XCConfigurationList;
			buildConfigurations = (
				0635AE4E2AD133E100BFBB00 /* Debug */,
				0635AE4F2AD133E100BFBB00 /* Release */,
			);
			defaultConfigurationIsVisible = 0;
			defaultConfigurationName = Release;
		};
		0635AE502AD133E100BFBB00 /* Build configuration list for PBXNativeTarget "onetoxTests" */ = {
			isa = XCConfigurationList;
			buildConfigurations = (
				0635AE512AD133E100BFBB00 /* Debug */,
				0635AE522AD133E100BFBB00 /* Release */,
			);
			defaultConfigurationIsVisible = 0;
			defaultConfigurationName = Release;
		};
		0635AE532AD133E100BFBB00 /* Build configuration list for PBXNativeTarget "onetoxUITests" */ = {
			isa = XCConfigurationList;
			buildConfigurations = (
				0635AE542AD133E100BFBB00 /* Debug */,
				0635AE552AD133E100BFBB00 /* Release */,
			);
			defaultConfigurationIsVisible = 0;
			defaultConfigurationName = Release;
		};
/* End XCConfigurationList section */
	};
	rootObject = 0635AE162AD133E000BFBB00 /* Project object */;
}
